
Microsoft Visual Studio Solution File, Format Version 12.00
# Visual Studio Version 17
VisualStudioVersion = 17.11.35327.3
MinimumVisualStudioVersion = 10.0.40219.1
Project("{FAE04EC0-301F-11D3-BF4B-00C04F79EFBC}") = "HashTable", "HashTable\HashTable.csproj", "{AE693446-730C-4521-B74C-FE4E883FDEB5}"
EndProject
Global
	GlobalSection(SolutionConfigurationPlatforms) = preSolution
		Debug|Any CPU = Debug|Any CPU
		Release|Any CPU = Release|Any CPU
	EndGlobalSection
	GlobalSection(ProjectConfigurationPlatforms) = postSolution
		{AE693446-730C-4521-B74C-FE4E883FDEB5}.Debug|Any CPU.ActiveCfg = Debug|Any CPU
		{AE693446-730C-4521-B74C-FE4E883FDEB5}.Debug|Any CPU.Build.0 = Debug|Any CPU
		{AE693446-730C-4521-B74C-FE4E883FDEB5}.Release|Any CPU.ActiveCfg = Release|Any CPU
		{AE693446-730C-4521-B74C-FE4E883FDEB5}.Release|Any CPU.Build.0 = Release|Any CPU
	EndGlobalSection
	GlobalSection(SolutionProperties) = preSolution
		HideSolutionNode = FALSE
	EndGlobalSection
	GlobalSection(ExtensibilityGlobals) = postSolution
		SolutionGuid = {F75D9993-A1CF-486C-8297-BA8473047051}
	EndGlobalSection
EndGlobal
